// !$*UTF8*$!
{
	archiveVersion = 1;
	classes = {
	};
	objectVersion = 56;
	objects = {

/* Begin PBXBuildFile section */
		DA112D8B2C99855C0026BB80 /* NegativesConverter.swift in Sources */ = {isa = PBXBuildFile; fileRef = DA112D8A2C99855C0026BB80 /* NegativesConverter.swift */; };
		DA5239022C99FEEA00FD8B31 /* ColorModificationView.swift in Sources */ = {isa = PBXBuildFile; fileRef = DA5239012C99FEEA00FD8B31 /* ColorModificationView.swift */; };
		DA5239042C9A017E00FD8B31 /* ColorModification.swift in Sources */ = {isa = PBXBuildFile; fileRef = DA5239032C9A017E00FD8B31 /* ColorModification.swift */; };
		DA52390C2C9AD01D00FD8B31 /* GPUImage in Frameworks */ = {isa = PBXBuildFile; productRef = DA52390B2C9AD01D00FD8B31 /* GPUImage */; };
		DA52390E2C9AD2EB00FD8B31 /* NaturalColorEnhancements.swift in Sources */ = {isa = PBXBuildFile; fileRef = DA52390D2C9AD2EB00FD8B31 /* NaturalColorEnhancements.swift */; };
		DA63B9762C7F1D56000E5714 /* EditView.swift in Sources */ = {isa = PBXBuildFile; fileRef = DA63B9752C7F1D56000E5714 /* EditView.swift */; };
		DA63B9792C810343000E5714 /* ColorfulX in Frameworks */ = {isa = PBXBuildFile; productRef = DA63B9782C810343000E5714 /* ColorfulX */; };
		DA63B97B2C81081E000E5714 /* CustomPickerViewController.swift in Sources */ = {isa = PBXBuildFile; fileRef = DA63B97A2C81081E000E5714 /* CustomPickerViewController.swift */; };
		DA7D257C2C7874F8008590B0 /* InstaFrameApp.swift in Sources */ = {isa = PBXBuildFile; fileRef = DA7D257B2C7874F8008590B0 /* InstaFrameApp.swift */; };
		DA7D257E2C7874F8008590B0 /* ContentView.swift in Sources */ = {isa = PBXBuildFile; fileRef = DA7D257D2C7874F8008590B0 /* ContentView.swift */; };
		DA7D25802C7874F9008590B0 /* Assets.xcassets in Resources */ = {isa = PBXBuildFile; fileRef = DA7D257F2C7874F9008590B0 /* Assets.xcassets */; };
		DA7D25832C7874F9008590B0 /* Preview Assets.xcassets in Resources */ = {isa = PBXBuildFile; fileRef = DA7D25822C7874F9008590B0 /* Preview Assets.xcassets */; };
		DA7D258D2C7879F2008590B0 /* image-saver.swift in Sources */ = {isa = PBXBuildFile; fileRef = DA7D25892C7879F2008590B0 /* image-saver.swift */; };
		DA7D258E2C7879F2008590B0 /* image-picker.swift in Sources */ = {isa = PBXBuildFile; fileRef = DA7D258A2C7879F2008590B0 /* image-picker.swift */; };
		DA7D258F2C7879F2008590B0 /* instagram-size.swift in Sources */ = {isa = PBXBuildFile; fileRef = DA7D258B2C7879F2008590B0 /* instagram-size.swift */; };
		DA7D25902C7879F2008590B0 /* preview-image.swift in Sources */ = {isa = PBXBuildFile; fileRef = DA7D258C2C7879F2008590B0 /* preview-image.swift */; };
		DA7D25942C787CC5008590B0 /* multiple-image-picker.swift in Sources */ = {isa = PBXBuildFile; fileRef = DA7D25932C787CC5008590B0 /* multiple-image-picker.swift */; };
		DA8E67AA2C92C4F900AACC2C /* CustomPicker.swift in Sources */ = {isa = PBXBuildFile; fileRef = DA8E67A92C92C4F900AACC2C /* CustomPicker.swift */; };
/* End PBXBuildFile section */

/* Begin PBXFileReference section */
		DA112D8A2C99855C0026BB80 /* NegativesConverter.swift */ = {isa = PBXFileReference; lastKnownFileType = sourcecode.swift; path = NegativesConverter.swift; sourceTree = "<group>"; };
		DA4010742C903A5A006F40D2 /* Info.plist */ = {isa = PBXFileReference; lastKnownFileType = text.plist; path = Info.plist; sourceTree = "<group>"; };
		DA5239012C99FEEA00FD8B31 /* ColorModificationView.swift */ = {isa = PBXFileReference; lastKnownFileType = sourcecode.swift; path = ColorModificationView.swift; sourceTree = "<group>"; };
		DA5239032C9A017E00FD8B31 /* ColorModification.swift */ = {isa = PBXFileReference; lastKnownFileType = sourcecode.swift; path = ColorModification.swift; sourceTree = "<group>"; };
		DA52390D2C9AD2EB00FD8B31 /* NaturalColorEnhancements.swift */ = {isa = PBXFileReference; lastKnownFileType = sourcecode.swift; path = NaturalColorEnhancements.swift; sourceTree = "<group>"; };
		DA63B9752C7F1D56000E5714 /* EditView.swift */ = {isa = PBXFileReference; lastKnownFileType = sourcecode.swift; path = EditView.swift; sourceTree = "<group>"; };
		DA63B97A2C81081E000E5714 /* CustomPickerViewController.swift */ = {isa = PBXFileReference; lastKnownFileType = sourcecode.swift; path = CustomPickerViewController.swift; sourceTree = "<group>"; };
		DA7D25782C7874F8008590B0 /* BorderGenius.app */ = {isa = PBXFileReference; explicitFileType = wrapper.application; includeInIndex = 0; path = BorderGenius.app; sourceTree = BUILT_PRODUCTS_DIR; };
		DA7D257B2C7874F8008590B0 /* InstaFrameApp.swift */ = {isa = PBXFileReference; lastKnownFileType = sourcecode.swift; path = InstaFrameApp.swift; sourceTree = "<group>"; };
		DA7D257D2C7874F8008590B0 /* ContentView.swift */ = {isa = PBXFileReference; lastKnownFileType = sourcecode.swift; path = ContentView.swift; sourceTree = "<group>"; };
		DA7D257F2C7874F9008590B0 /* Assets.xcassets */ = {isa = PBXFileReference; lastKnownFileType = folder.assetcatalog; path = Assets.xcassets; sourceTree = "<group>"; };
		DA7D25822C7874F9008590B0 /* Preview Assets.xcassets */ = {isa = PBXFileReference; lastKnownFileType = folder.assetcatalog; path = "Preview Assets.xcassets"; sourceTree = "<group>"; };
		DA7D25892C7879F2008590B0 /* image-saver.swift */ = {isa = PBXFileReference; fileEncoding = 4; lastKnownFileType = sourcecode.swift; path = "image-saver.swift"; sourceTree = "<group>"; };
		DA7D258A2C7879F2008590B0 /* image-picker.swift */ = {isa = PBXFileReference; fileEncoding = 4; lastKnownFileType = sourcecode.swift; path = "image-picker.swift"; sourceTree = "<group>"; };
		DA7D258B2C7879F2008590B0 /* instagram-size.swift */ = {isa = PBXFileReference; fileEncoding = 4; lastKnownFileType = sourcecode.swift; path = "instagram-size.swift"; sourceTree = "<group>"; };
		DA7D258C2C7879F2008590B0 /* preview-image.swift */ = {isa = PBXFileReference; fileEncoding = 4; lastKnownFileType = sourcecode.swift; path = "preview-image.swift"; sourceTree = "<group>"; };
		DA7D25932C787CC5008590B0 /* multiple-image-picker.swift */ = {isa = PBXFileReference; fileEncoding = 4; lastKnownFileType = sourcecode.swift; path = "multiple-image-picker.swift"; sourceTree = "<group>"; };
		DA8E67A92C92C4F900AACC2C /* CustomPicker.swift */ = {isa = PBXFileReference; lastKnownFileType = sourcecode.swift; path = CustomPicker.swift; sourceTree = "<group>"; };
/* End PBXFileReference section */

/* Begin PBXFrameworksBuildPhase section */
		DA7D25752C7874F8008590B0 /* Frameworks */ = {
			isa = PBXFrameworksBuildPhase;
			buildActionMask = 2147483647;
			files = (
				DA63B9792C810343000E5714 /* ColorfulX in Frameworks */,
				DA52390C2C9AD01D00FD8B31 /* GPUImage in Frameworks */,
			);
			runOnlyForDeploymentPostprocessing = 0;
		};
/* End PBXFrameworksBuildPhase section */

/* Begin PBXGroup section */
		DA7D256F2C7874F8008590B0 = {
			isa = PBXGroup;
			children = (
				DA7D257A2C7874F8008590B0 /* BorderGenius */,
				DA7D25792C7874F8008590B0 /* Products */,
			);
			sourceTree = "<group>";
		};
		DA7D25792C7874F8008590B0 /* Products */ = {
			isa = PBXGroup;
			children = (
				DA7D25782C7874F8008590B0 /* BorderGenius.app */,
			);
			name = Products;
			sourceTree = "<group>";
		};
		DA7D257A2C7874F8008590B0 /* BorderGenius */ = {
			isa = PBXGroup;
			children = (
				DA4010742C903A5A006F40D2 /* Info.plist */,
				DA63B9752C7F1D56000E5714 /* EditView.swift */,
				DA7D258A2C7879F2008590B0 /* image-picker.swift */,
				DA7D25892C7879F2008590B0 /* image-saver.swift */,
				DA7D258B2C7879F2008590B0 /* instagram-size.swift */,
				DA7D258C2C7879F2008590B0 /* preview-image.swift */,
				DA7D257B2C7874F8008590B0 /* InstaFrameApp.swift */,
				DA7D257D2C7874F8008590B0 /* ContentView.swift */,
				DA7D25932C787CC5008590B0 /* multiple-image-picker.swift */,
				DA7D257F2C7874F9008590B0 /* Assets.xcassets */,
				DA7D25812C7874F9008590B0 /* Preview Content */,
				DA63B97A2C81081E000E5714 /* CustomPickerViewController.swift */,
				DA8E67A92C92C4F900AACC2C /* CustomPicker.swift */,
				DA112D8A2C99855C0026BB80 /* NegativesConverter.swift */,
				DA5239012C99FEEA00FD8B31 /* ColorModificationView.swift */,
				DA5239032C9A017E00FD8B31 /* ColorModification.swift */,
				DA52390D2C9AD2EB00FD8B31 /* NaturalColorEnhancements.swift */,
			);
			path = BorderGenius;
			sourceTree = "<group>";
		};
		DA7D25812C7874F9008590B0 /* Preview Content */ = {
			isa = PBXGroup;
			children = (
				DA7D25822C7874F9008590B0 /* Preview Assets.xcassets */,
			);
			path = "Preview Content";
			sourceTree = "<group>";
		};
/* End PBXGroup section */

/* Begin PBXNativeTarget section */
		DA7D25772C7874F8008590B0 /* BorderGenius */ = {
			isa = PBXNativeTarget;
			buildConfigurationList = DA7D25862C7874F9008590B0 /* Build configuration list for PBXNativeTarget "BorderGenius" */;
			buildPhases = (
				DA7D25742C7874F8008590B0 /* Sources */,
				DA7D25752C7874F8008590B0 /* Frameworks */,
				DA7D25762C7874F8008590B0 /* Resources */,
			);
			buildRules = (
			);
			dependencies = (
			);
			name = BorderGenius;
			packageProductDependencies = (
				DA63B9782C810343000E5714 /* ColorfulX */,
				DA52390B2C9AD01D00FD8B31 /* GPUImage */,
			);
			productName = InstaFrame;
			productReference = DA7D25782C7874F8008590B0 /* BorderGenius.app */;
			productType = "com.apple.product-type.application";
		};
/* End PBXNativeTarget section */

/* Begin PBXProject section */
		DA7D25702C7874F8008590B0 /* Project object */ = {
			isa = PBXProject;
			attributes = {
				BuildIndependentTargetsInParallel = 1;
				LastSwiftUpdateCheck = 1540;
				LastUpgradeCheck = 1540;
				TargetAttributes = {
					DA7D25772C7874F8008590B0 = {
						CreatedOnToolsVersion = 15.4;
					};
				};
			};
			buildConfigurationList = DA7D25732C7874F8008590B0 /* Build configuration list for PBXProject "BorderGenius" */;
			compatibilityVersion = "Xcode 14.0";
			developmentRegion = en;
			hasScannedForEncodings = 0;
			knownRegions = (
				en,
				Base,
			);
			mainGroup = DA7D256F2C7874F8008590B0;
			packageReferences = (
				DA63B9772C810343000E5714 /* XCRemoteSwiftPackageReference "ColorfulX" */,
				DA52390A2C9AD01D00FD8B31 /* XCRemoteSwiftPackageReference "GPUImage3" */,
			);
			productRefGroup = DA7D25792C7874F8008590B0 /* Products */;
			projectDirPath = "";
			projectRoot = "";
			targets = (
				DA7D25772C7874F8008590B0 /* BorderGenius */,
			);
		};
/* End PBXProject section */

/* Begin PBXResourcesBuildPhase section */
		DA7D25762C7874F8008590B0 /* Resources */ = {
			isa = PBXResourcesBuildPhase;
			buildActionMask = 2147483647;
			files = (
				DA7D25832C7874F9008590B0 /* Preview Assets.xcassets in Resources */,
				DA7D25802C7874F9008590B0 /* Assets.xcassets in Resources */,
			);
			runOnlyForDeploymentPostprocessing = 0;
		};
/* End PBXResourcesBuildPhase section */

/* Begin PBXSourcesBuildPhase section */
		DA7D25742C7874F8008590B0 /* Sources */ = {
			isa = PBXSourcesBuildPhase;
			buildActionMask = 2147483647;
			files = (
				DA8E67AA2C92C4F900AACC2C /* CustomPicker.swift in Sources */,
				DA7D257E2C7874F8008590B0 /* ContentView.swift in Sources */,
				DA7D258D2C7879F2008590B0 /* image-saver.swift in Sources */,
				DA5239042C9A017E00FD8B31 /* ColorModification.swift in Sources */,
				DA52390E2C9AD2EB00FD8B31 /* NaturalColorEnhancements.swift in Sources */,
				DA63B9762C7F1D56000E5714 /* EditView.swift in Sources */,
				DA7D25902C7879F2008590B0 /* preview-image.swift in Sources */,
				DA63B97B2C81081E000E5714 /* CustomPickerViewController.swift in Sources */,
				DA112D8B2C99855C0026BB80 /* NegativesConverter.swift in Sources */,
				DA7D258F2C7879F2008590B0 /* instagram-size.swift in Sources */,
				DA7D25942C787CC5008590B0 /* multiple-image-picker.swift in Sources */,
				DA7D257C2C7874F8008590B0 /* InstaFrameApp.swift in Sources */,
				DA5239022C99FEEA00FD8B31 /* ColorModificationView.swift in Sources */,
				DA7D258E2C7879F2008590B0 /* image-picker.swift in Sources */,
			);
			runOnlyForDeploymentPostprocessing = 0;
		};
/* End PBXSourcesBuildPhase section */

/* Begin XCBuildConfiguration section */
		DA7D25842C7874F9008590B0 /* Debug */ = {
			isa = XCBuildConfiguration;
			buildSettings = {
				ALWAYS_SEARCH_USER_PATHS = NO;
				ASSETCATALOG_COMPILER_GENERATE_SWIFT_ASSET_SYMBOL_EXTENSIONS = YES;
				CLANG_ANALYZER_NONNULL = YES;
				CLANG_ANALYZER_NUMBER_OBJECT_CONVERSION = YES_AGGRESSIVE;
				CLANG_CXX_LANGUAGE_STANDARD = "gnu++20";
				CLANG_ENABLE_MODULES = YES;
				CLANG_ENABLE_OBJC_ARC = YES;
				CLANG_ENABLE_OBJC_WEAK = YES;
				CLANG_WARN_BLOCK_CAPTURE_AUTORELEASING = YES;
				CLANG_WARN_BOOL_CONVERSION = YES;
				CLANG_WARN_COMMA = YES;
				CLANG_WARN_CONSTANT_CONVERSION = YES;
				CLANG_WARN_DEPRECATED_OBJC_IMPLEMENTATIONS = YES;
				CLANG_WARN_DIRECT_OBJC_ISA_USAGE = YES_ERROR;
				CLANG_WARN_DOCUMENTATION_COMMENTS = YES;
				CLANG_WARN_EMPTY_BODY = YES;
				CLANG_WARN_ENUM_CONVERSION = YES;
				CLANG_WARN_INFINITE_RECURSION = YES;
				CLANG_WARN_INT_CONVERSION = YES;
				CLANG_WARN_NON_LITERAL_NULL_CONVERSION = YES;
				CLANG_WARN_OBJC_IMPLICIT_RETAIN_SELF = YES;
				CLANG_WARN_OBJC_LITERAL_CONVERSION = YES;
				CLANG_WARN_OBJC_ROOT_CLASS = YES_ERROR;
				CLANG_WARN_QUOTED_INCLUDE_IN_FRAMEWORK_HEADER = YES;
				CLANG_WARN_RANGE_LOOP_ANALYSIS = YES;
				CLANG_WARN_STRICT_PROTOTYPES = YES;
				CLANG_WARN_SUSPICIOUS_MOVE = YES;
				CLANG_WARN_UNGUARDED_AVAILABILITY = YES_AGGRESSIVE;
				CLANG_WARN_UNREACHABLE_CODE = YES;
				CLANG_WARN__DUPLICATE_METHOD_MATCH = YES;
				COPY_PHASE_STRIP = NO;
				DEBUG_INFORMATION_FORMAT = dwarf;
				ENABLE_STRICT_OBJC_MSGSEND = YES;
				ENABLE_TESTABILITY = YES;
				ENABLE_USER_SCRIPT_SANDBOXING = YES;
				GCC_C_LANGUAGE_STANDARD = gnu17;
				GCC_DYNAMIC_NO_PIC = NO;
				GCC_NO_COMMON_BLOCKS = YES;
				GCC_OPTIMIZATION_LEVEL = 0;
				GCC_PREPROCESSOR_DEFINITIONS = (
					"DEBUG=1",
					"$(inherited)",
				);
				GCC_WARN_64_TO_32_BIT_CONVERSION = YES;
				GCC_WARN_ABOUT_RETURN_TYPE = YES_ERROR;
				GCC_WARN_UNDECLARED_SELECTOR = YES;
				GCC_WARN_UNINITIALIZED_AUTOS = YES_AGGRESSIVE;
				GCC_WARN_UNUSED_FUNCTION = YES;
				GCC_WARN_UNUSED_VARIABLE = YES;
				IPHONEOS_DEPLOYMENT_TARGET = 17.5;
				LOCALIZATION_PREFERS_STRING_CATALOGS = YES;
				MTL_ENABLE_DEBUG_INFO = INCLUDE_SOURCE;
				MTL_FAST_MATH = YES;
				ONLY_ACTIVE_ARCH = YES;
				SDKROOT = iphoneos;
				SWIFT_ACTIVE_COMPILATION_CONDITIONS = "DEBUG $(inherited)";
				SWIFT_OPTIMIZATION_LEVEL = "-Onone";
			};
			name = Debug;
		};
		DA7D25852C7874F9008590B0 /* Release */ = {
			isa = XCBuildConfiguration;
			buildSettings = {
				ALWAYS_SEARCH_USER_PATHS = NO;
				ASSETCATALOG_COMPILER_GENERATE_SWIFT_ASSET_SYMBOL_EXTENSIONS = YES;
				CLANG_ANALYZER_NONNULL = YES;
				CLANG_ANALYZER_NUMBER_OBJECT_CONVERSION = YES_AGGRESSIVE;
				CLANG_CXX_LANGUAGE_STANDARD = "gnu++20";
				CLANG_ENABLE_MODULES = YES;
				CLANG_ENABLE_OBJC_ARC = YES;
				CLANG_ENABLE_OBJC_WEAK = YES;
				CLANG_WARN_BLOCK_CAPTURE_AUTORELEASING = YES;
				CLANG_WARN_BOOL_CONVERSION = YES;
				CLANG_WARN_COMMA = YES;
				CLANG_WARN_CONSTANT_CONVERSION = YES;
				CLANG_WARN_DEPRECATED_OBJC_IMPLEMENTATIONS = YES;
				CLANG_WARN_DIRECT_OBJC_ISA_USAGE = YES_ERROR;
				CLANG_WARN_DOCUMENTATION_COMMENTS = YES;
				CLANG_WARN_EMPTY_BODY = YES;
				CLANG_WARN_ENUM_CONVERSION = YES;
				CLANG_WARN_INFINITE_RECURSION = YES;
				CLANG_WARN_INT_CONVERSION = YES;
				CLANG_WARN_NON_LITERAL_NULL_CONVERSION = YES;
				CLANG_WARN_OBJC_IMPLICIT_RETAIN_SELF = YES;
				CLANG_WARN_OBJC_LITERAL_CONVERSION = YES;
				CLANG_WARN_OBJC_ROOT_CLASS = YES_ERROR;
				CLANG_WARN_QUOTED_INCLUDE_IN_FRAMEWORK_HEADER = YES;
				CLANG_WARN_RANGE_LOOP_ANALYSIS = YES;
				CLANG_WARN_STRICT_PROTOTYPES = YES;
				CLANG_WARN_SUSPICIOUS_MOVE = YES;
				CLANG_WARN_UNGUARDED_AVAILABILITY = YES_AGGRESSIVE;
				CLANG_WARN_UNREACHABLE_CODE = YES;
				CLANG_WARN__DUPLICATE_METHOD_MATCH = YES;
				COPY_PHASE_STRIP = NO;
				DEBUG_INFORMATION_FORMAT = "dwarf-with-dsym";
				ENABLE_NS_ASSERTIONS = NO;
				ENABLE_STRICT_OBJC_MSGSEND = YES;
				ENABLE_USER_SCRIPT_SANDBOXING = YES;
				GCC_C_LANGUAGE_STANDARD = gnu17;
				GCC_NO_COMMON_BLOCKS = YES;
				GCC_WARN_64_TO_32_BIT_CONVERSION = YES;
				GCC_WARN_ABOUT_RETURN_TYPE = YES_ERROR;
				GCC_WARN_UNDECLARED_SELECTOR = YES;
				GCC_WARN_UNINITIALIZED_AUTOS = YES_AGGRESSIVE;
				GCC_WARN_UNUSED_FUNCTION = YES;
				GCC_WARN_UNUSED_VARIABLE = YES;
				IPHONEOS_DEPLOYMENT_TARGET = 17.5;
				LOCALIZATION_PREFERS_STRING_CATALOGS = YES;
				MTL_ENABLE_DEBUG_INFO = NO;
				MTL_FAST_MATH = YES;
				SDKROOT = iphoneos;
				SWIFT_COMPILATION_MODE = wholemodule;
				VALIDATE_PRODUCT = YES;
			};
			name = Release;
		};
		DA7D25872C7874F9008590B0 /* Debug */ = {
			isa = XCBuildConfiguration;
			buildSettings = {
				ASSETCATALOG_COMPILER_APPICON_NAME = AppIcon;
				ASSETCATALOG_COMPILER_GLOBAL_ACCENT_COLOR_NAME = AccentColor;
				CODE_SIGN_IDENTITY = "Apple Development";
				CODE_SIGN_STYLE = Automatic;
				CURRENT_PROJECT_VERSION = 1;
				DEVELOPMENT_ASSET_PATHS = "\"BorderGenius/Preview Content\"";
				DEVELOPMENT_TEAM = X7HH2BJNVL;
				ENABLE_PREVIEWS = YES;
				GENERATE_INFOPLIST_FILE = YES;
				INFOPLIST_FILE = BorderGenius/Info.plist;
				INFOPLIST_KEY_CFBundleDisplayName = BorderGenius;
				INFOPLIST_KEY_NSPhotoLibraryAddUsageDescription = "This app needs permission to save the processed images to your photo library.";
				INFOPLIST_KEY_NSPhotoLibraryUsageDescription = "This app needs access to your photo library to save the processed images with borders.";
				INFOPLIST_KEY_UIApplicationSceneManifest_Generation = YES;
				INFOPLIST_KEY_UIApplicationSupportsIndirectInputEvents = YES;
				INFOPLIST_KEY_UILaunchScreen_Generation = YES;
				INFOPLIST_KEY_UISupportedInterfaceOrientations_iPad = "UIInterfaceOrientationPortrait UIInterfaceOrientationPortraitUpsideDown UIInterfaceOrientationLandscapeLeft UIInterfaceOrientationLandscapeRight";
				INFOPLIST_KEY_UISupportedInterfaceOrientations_iPhone = "UIInterfaceOrientationPortrait UIInterfaceOrientationLandscapeLeft UIInterfaceOrientationLandscapeRight";
				LD_RUNPATH_SEARCH_PATHS = (
					"$(inherited)",
					"@executable_path/Frameworks",
				);
				MARKETING_VERSION = 1.0;
				PRODUCT_BUNDLE_IDENTIFIER = com.tyndfed.bordergenius;
				PRODUCT_NAME = "$(TARGET_NAME)";
				PROVISIONING_PROFILE_SPECIFIER = "";
				SWIFT_EMIT_LOC_STRINGS = YES;
				SWIFT_VERSION = 5.0;
				TARGETED_DEVICE_FAMILY = "1,2";
			};
			name = Debug;
		};
		DA7D25882C7874F9008590B0 /* Release */ = {
			isa = XCBuildConfiguration;
			buildSettings = {
				ASSETCATALOG_COMPILER_APPICON_NAME = AppIcon;
				ASSETCATALOG_COMPILER_GLOBAL_ACCENT_COLOR_NAME = AccentColor;
				CODE_SIGN_IDENTITY = "Apple Development";
				CODE_SIGN_STYLE = Automatic;
				CURRENT_PROJECT_VERSION = 1;
				DEVELOPMENT_ASSET_PATHS = "\"BorderGenius/Preview Content\"";
				DEVELOPMENT_TEAM = X7HH2BJNVL;
				ENABLE_PREVIEWS = YES;
				GENERATE_INFOPLIST_FILE = YES;
				INFOPLIST_FILE = BorderGenius/Info.plist;
				INFOPLIST_KEY_CFBundleDisplayName = BorderGenius;
				INFOPLIST_KEY_NSPhotoLibraryAddUsageDescription = "This app needs permission to save the processed images to your photo library.";
				INFOPLIST_KEY_NSPhotoLibraryUsageDescription = "This app needs access to your photo library to save the processed images with borders.";
				INFOPLIST_KEY_UIApplicationSceneManifest_Generation = YES;
				INFOPLIST_KEY_UIApplicationSupportsIndirectInputEvents = YES;
				INFOPLIST_KEY_UILaunchScreen_Generation = YES;
				INFOPLIST_KEY_UISupportedInterfaceOrientations_iPad = "UIInterfaceOrientationPortrait UIInterfaceOrientationPortraitUpsideDown UIInterfaceOrientationLandscapeLeft UIInterfaceOrientationLandscapeRight";
				INFOPLIST_KEY_UISupportedInterfaceOrientations_iPhone = "UIInterfaceOrientationPortrait UIInterfaceOrientationLandscapeLeft UIInterfaceOrientationLandscapeRight";
				LD_RUNPATH_SEARCH_PATHS = (
					"$(inherited)",
					"@executable_path/Frameworks",
				);
				MARKETING_VERSION = 1.0;
				PRODUCT_BUNDLE_IDENTIFIER = com.tyndfed.bordergenius;
				PRODUCT_NAME = "$(TARGET_NAME)";
				PROVISIONING_PROFILE_SPECIFIER = "";
				SWIFT_EMIT_LOC_STRINGS = YES;
				SWIFT_VERSION = 5.0;
				TARGETED_DEVICE_FAMILY = "1,2";
			};
			name = Release;
		};
/* End XCBuildConfiguration section */

/* Begin XCConfigurationList section */
		DA7D25732C7874F8008590B0 /* Build configuration list for PBXProject "BorderGenius" */ = {
			isa = XCConfigurationList;
			buildConfigurations = (
				DA7D25842C7874F9008590B0 /* Debug */,
				DA7D25852C7874F9008590B0 /* Release */,
			);
			defaultConfigurationIsVisible = 0;
			defaultConfigurationName = Release;
		};
		DA7D25862C7874F9008590B0 /* Build configuration list for PBXNativeTarget "BorderGenius" */ = {
			isa = XCConfigurationList;
			buildConfigurations = (
				DA7D25872C7874F9008590B0 /* Debug */,
				DA7D25882C7874F9008590B0 /* Release */,
			);
			defaultConfigurationIsVisible = 0;
			defaultConfigurationName = Release;
		};
/* End XCConfigurationList section */

/* Begin XCRemoteSwiftPackageReference section */
		DA52390A2C9AD01D00FD8B31 /* XCRemoteSwiftPackageReference "GPUImage3" */ = {
			isa = XCRemoteSwiftPackageReference;
			repositoryURL = "https://github.com/BradLarson/GPUImage3";
			requirement = {
				branch = main;
				kind = branch;
			};
		};
		DA63B9772C810343000E5714 /* XCRemoteSwiftPackageReference "ColorfulX" */ = {
			isa = XCRemoteSwiftPackageReference;
			repositoryURL = "https://github.com/Lakr233/ColorfulX";
			requirement = {
				kind = upToNextMajorVersion;
				minimumVersion = 5.4.0;
			};
		};
/* End XCRemoteSwiftPackageReference section */

/* Begin XCSwiftPackageProductDependency section */
		DA52390B2C9AD01D00FD8B31 /* GPUImage */ = {
			isa = XCSwiftPackageProductDependency;
			package = DA52390A2C9AD01D00FD8B31 /* XCRemoteSwiftPackageReference "GPUImage3" */;
			productName = GPUImage;
		};
		DA63B9782C810343000E5714 /* ColorfulX */ = {
			isa = XCSwiftPackageProductDependency;
			package = DA63B9772C810343000E5714 /* XCRemoteSwiftPackageReference "ColorfulX" */;
			productName = ColorfulX;
		};
/* End XCSwiftPackageProductDependency section */
	};
	rootObject = DA7D25702C7874F8008590B0 /* Project object */;
}
